// !$*UTF8*$!
{
	archiveVersion = 1;
	classes = {
	};
	objectVersion = 46;
	objects = {

/* Begin PBXBuildFile section */
		221B76AD15AB268B002EAB22 /* Default-Portrait~ipad.png in Resources */ = {isa = PBXBuildFile; fileRef = 221B76AC15AB268B002EAB22 /* Default-Portrait~ipad.png */; };
		221B76AF15AB2876002EAB22 /* Default-Portrait@2x~ipad.png in Resources */ = {isa = PBXBuildFile; fileRef = 221B76AE15AB2876002EAB22 /* Default-Portrait@2x~ipad.png */; };
		227C4A6215A47D8F00F75F94 /* NativeUI.m in Sources */ = {isa = PBXBuildFile; fileRef = 227C4A6115A47D8F00F75F94 /* NativeUI.m */; };
		227C4A6915A4A8E700F75F94 /* icon-big.png in Resources */ = {isa = PBXBuildFile; fileRef = 227C4A6815A4A8E700F75F94 /* icon-big.png */; };
		22933FBD15A1CAAA00CF08FF /* Foundation.framework in Frameworks */ = {isa = PBXBuildFile; fileRef = 22933FBC15A1CAAA00CF08FF /* Foundation.framework */; };
		22933FBF15A1CAAB00CF08FF /* UIKit.framework in Frameworks */ = {isa = PBXBuildFile; fileRef = 22933FBE15A1CAAA00CF08FF /* UIKit.framework */; };
		22933FC115A1CAAB00CF08FF /* CoreGraphics.framework in Frameworks */ = {isa = PBXBuildFile; fileRef = 22933FC015A1CAAB00CF08FF /* CoreGraphics.framework */; };
		22933FC315A1CAAB00CF08FF /* AddressBook.framework in Frameworks */ = {isa = PBXBuildFile; fileRef = 22933FC215A1CAAB00CF08FF /* AddressBook.framework */; };
		22933FC515A1CAAB00CF08FF /* AddressBookUI.framework in Frameworks */ = {isa = PBXBuildFile; fileRef = 22933FC415A1CAAB00CF08FF /* AddressBookUI.framework */; };
		22933FC715A1CAAB00CF08FF /* AudioToolbox.framework in Frameworks */ = {isa = PBXBuildFile; fileRef = 22933FC615A1CAAB00CF08FF /* AudioToolbox.framework */; };
		22933FC915A1CAAB00CF08FF /* AVFoundation.framework in Frameworks */ = {isa = PBXBuildFile; fileRef = 22933FC815A1CAAB00CF08FF /* AVFoundation.framework */; };
		22933FCB15A1CAAB00CF08FF /* CoreLocation.framework in Frameworks */ = {isa = PBXBuildFile; fileRef = 22933FCA15A1CAAB00CF08FF /* CoreLocation.framework */; };
		22933FCD15A1CAAB00CF08FF /* MediaPlayer.framework in Frameworks */ = {isa = PBXBuildFile; fileRef = 22933FCC15A1CAAB00CF08FF /* MediaPlayer.framework */; };
		22933FCF15A1CAAB00CF08FF /* QuartzCore.framework in Frameworks */ = {isa = PBXBuildFile; fileRef = 22933FCE15A1CAAB00CF08FF /* QuartzCore.framework */; };
		22933FD115A1CAAB00CF08FF /* SystemConfiguration.framework in Frameworks */ = {isa = PBXBuildFile; fileRef = 22933FD015A1CAAB00CF08FF /* SystemConfiguration.framework */; };
		22933FD315A1CAAB00CF08FF /* MobileCoreServices.framework in Frameworks */ = {isa = PBXBuildFile; fileRef = 22933FD215A1CAAB00CF08FF /* MobileCoreServices.framework */; };
		22933FD515A1CAAB00CF08FF /* CoreMedia.framework in Frameworks */ = {isa = PBXBuildFile; fileRef = 22933FD415A1CAAB00CF08FF /* CoreMedia.framework */; };
		22933FDB15A1CAAB00CF08FF /* InfoPlist.strings in Resources */ = {isa = PBXBuildFile; fileRef = 22933FD915A1CAAB00CF08FF /* InfoPlist.strings */; };
		22933FDD15A1CAAB00CF08FF /* main.m in Sources */ = {isa = PBXBuildFile; fileRef = 22933FDC15A1CAAB00CF08FF /* main.m */; };
		22933FE015A1CAAB00CF08FF /* Cordova.framework in Frameworks */ = {isa = PBXBuildFile; fileRef = 22933FDF15A1CAAB00CF08FF /* Cordova.framework */; };
		22933FE515A1CAAB00CF08FF /* Localizable.strings in Resources */ = {isa = PBXBuildFile; fileRef = 22933FE315A1CAAB00CF08FF /* Localizable.strings */; };
		22933FE915A1CAAB00CF08FF /* Localizable.strings in Resources */ = {isa = PBXBuildFile; fileRef = 22933FE715A1CAAB00CF08FF /* Localizable.strings */; };
		22933FED15A1CAAB00CF08FF /* Localizable.strings in Resources */ = {isa = PBXBuildFile; fileRef = 22933FEB15A1CAAB00CF08FF /* Localizable.strings */; };
		22933FF115A1CAAB00CF08FF /* Localizable.strings in Resources */ = {isa = PBXBuildFile; fileRef = 22933FEF15A1CAAB00CF08FF /* Localizable.strings */; };
		22933FFB15A1CAAB00CF08FF /* Default~iphone.png in Resources */ = {isa = PBXBuildFile; fileRef = 22933FFA15A1CAAB00CF08FF /* Default~iphone.png */; };
		22933FFD15A1CAAB00CF08FF /* Default@2x~iphone.png in Resources */ = {isa = PBXBuildFile; fileRef = 22933FFC15A1CAAB00CF08FF /* Default@2x~iphone.png */; };
		22933FFF15A1CAAB00CF08FF /* Capture.bundle in Resources */ = {isa = PBXBuildFile; fileRef = 22933FFE15A1CAAB00CF08FF /* Capture.bundle */; };
		2293400115A1CAAB00CF08FF /* Cordova.plist in Resources */ = {isa = PBXBuildFile; fileRef = 2293400015A1CAAB00CF08FF /* Cordova.plist */; };
		2293400515A1CAAB00CF08FF /* AppDelegate.m in Sources */ = {isa = PBXBuildFile; fileRef = 2293400415A1CAAB00CF08FF /* AppDelegate.m */; };
		2293400815A1CAAB00CF08FF /* MainViewController.m in Sources */ = {isa = PBXBuildFile; fileRef = 2293400715A1CAAB00CF08FF /* MainViewController.m */; };
		2293400A15A1CAAB00CF08FF /* MainViewController.xib in Resources */ = {isa = PBXBuildFile; fileRef = 2293400915A1CAAB00CF08FF /* MainViewController.xib */; };
		2293401415A1CCDC00CF08FF /* www in Resources */ = {isa = PBXBuildFile; fileRef = 2293401315A1CCDC00CF08FF /* www */; };
		22EAE93315A7197D0094E1A5 /* ChildBrowserViewController.xib in Resources */ = {isa = PBXBuildFile; fileRef = 22EAE93215A7197D0094E1A5 /* ChildBrowserViewController.xib */; };
		22EAE93715A719890094E1A5 /* ChildBrowserViewController.m in Sources */ = {isa = PBXBuildFile; fileRef = 22EAE93615A719890094E1A5 /* ChildBrowserViewController.m */; };
		22EAE93A15A719900094E1A5 /* ChildBrowserCommand.m in Sources */ = {isa = PBXBuildFile; fileRef = 22EAE93915A719900094E1A5 /* ChildBrowserCommand.m */; };
		22EAE93C15A7199D0094E1A5 /* ChildBrowser.bundle in Resources */ = {isa = PBXBuildFile; fileRef = 22EAE93B15A7199D0094E1A5 /* ChildBrowser.bundle */; };
		22F03D1915ADBD99004EEDA5 /* icon.png in Resources */ = {isa = PBXBuildFile; fileRef = 22F03D1815ADBD99004EEDA5 /* icon.png */; };
		22F03D1B15ADBD9E004EEDA5 /* icon@2x.png in Resources */ = {isa = PBXBuildFile; fileRef = 22F03D1A15ADBD9E004EEDA5 /* icon@2x.png */; };
		22F03D1D15ADBDA6004EEDA5 /* icon-ipad.png in Resources */ = {isa = PBXBuildFile; fileRef = 22F03D1C15ADBDA6004EEDA5 /* icon-ipad.png */; };
		22F03D1F15ADBDAA004EEDA5 /* icon-ipad@2x.png in Resources */ = {isa = PBXBuildFile; fileRef = 22F03D1E15ADBDAA004EEDA5 /* icon-ipad@2x.png */; };
		22F03D2115ADBDCA004EEDA5 /* icon-72.png in Resources */ = {isa = PBXBuildFile; fileRef = 22F03D2015ADBDCA004EEDA5 /* icon-72.png */; };
/* End PBXBuildFile section */

/* Begin PBXFileReference section */
		221B76AC15AB268B002EAB22 /* Default-Portrait~ipad.png */ = {isa = PBXFileReference; lastKnownFileType = image.png; path = "Default-Portrait~ipad.png"; sourceTree = "<group>"; };
		221B76AE15AB2876002EAB22 /* Default-Portrait@2x~ipad.png */ = {isa = PBXFileReference; lastKnownFileType = image.png; path = "Default-Portrait@2x~ipad.png"; sourceTree = "<group>"; };
		227C4A6015A47D8F00F75F94 /* NativeUI.h */ = {isa = PBXFileReference; fileEncoding = 4; lastKnownFileType = sourcecode.c.h; name = NativeUI.h; path = Plugins/NativeUI.h; sourceTree = "<group>"; };
		227C4A6115A47D8F00F75F94 /* NativeUI.m */ = {isa = PBXFileReference; fileEncoding = 4; lastKnownFileType = sourcecode.c.objc; name = NativeUI.m; path = Plugins/NativeUI.m; sourceTree = "<group>"; };
		227C4A6815A4A8E700F75F94 /* icon-big.png */ = {isa = PBXFileReference; lastKnownFileType = image.png; path = "icon-big.png"; sourceTree = "<group>"; };
		22933FB815A1CAAA00CF08FF /* iLepra.app */ = {isa = PBXFileReference; explicitFileType = wrapper.application; includeInIndex = 0; path = iLepra.app; sourceTree = BUILT_PRODUCTS_DIR; };
		22933FBC15A1CAAA00CF08FF /* Foundation.framework */ = {isa = PBXFileReference; lastKnownFileType = wrapper.framework; name = Foundation.framework; path = System/Library/Frameworks/Foundation.framework; sourceTree = SDKROOT; };
		22933FBE15A1CAAA00CF08FF /* UIKit.framework */ = {isa = PBXFileReference; lastKnownFileType = wrapper.framework; name = UIKit.framework; path = System/Library/Frameworks/UIKit.framework; sourceTree = SDKROOT; };
		22933FC015A1CAAB00CF08FF /* CoreGraphics.framework */ = {isa = PBXFileReference; lastKnownFileType = wrapper.framework; name = CoreGraphics.framework; path = System/Library/Frameworks/CoreGraphics.framework; sourceTree = SDKROOT; };
		22933FC215A1CAAB00CF08FF /* AddressBook.framework */ = {isa = PBXFileReference; lastKnownFileType = wrapper.framework; name = AddressBook.framework; path = System/Library/Frameworks/AddressBook.framework; sourceTree = SDKROOT; };
		22933FC415A1CAAB00CF08FF /* AddressBookUI.framework */ = {isa = PBXFileReference; lastKnownFileType = wrapper.framework; name = AddressBookUI.framework; path = System/Library/Frameworks/AddressBookUI.framework; sourceTree = SDKROOT; };
		22933FC615A1CAAB00CF08FF /* AudioToolbox.framework */ = {isa = PBXFileReference; lastKnownFileType = wrapper.framework; name = AudioToolbox.framework; path = System/Library/Frameworks/AudioToolbox.framework; sourceTree = SDKROOT; };
		22933FC815A1CAAB00CF08FF /* AVFoundation.framework */ = {isa = PBXFileReference; lastKnownFileType = wrapper.framework; name = AVFoundation.framework; path = System/Library/Frameworks/AVFoundation.framework; sourceTree = SDKROOT; };
		22933FCA15A1CAAB00CF08FF /* CoreLocation.framework */ = {isa = PBXFileReference; lastKnownFileType = wrapper.framework; name = CoreLocation.framework; path = System/Library/Frameworks/CoreLocation.framework; sourceTree = SDKROOT; };
		22933FCC15A1CAAB00CF08FF /* MediaPlayer.framework */ = {isa = PBXFileReference; lastKnownFileType = wrapper.framework; name = MediaPlayer.framework; path = System/Library/Frameworks/MediaPlayer.framework; sourceTree = SDKROOT; };
		22933FCE15A1CAAB00CF08FF /* QuartzCore.framework */ = {isa = PBXFileReference; lastKnownFileType = wrapper.framework; name = QuartzCore.framework; path = System/Library/Frameworks/QuartzCore.framework; sourceTree = SDKROOT; };
		22933FD015A1CAAB00CF08FF /* SystemConfiguration.framework */ = {isa = PBXFileReference; lastKnownFileType = wrapper.framework; name = SystemConfiguration.framework; path = System/Library/Frameworks/SystemConfiguration.framework; sourceTree = SDKROOT; };
		22933FD215A1CAAB00CF08FF /* MobileCoreServices.framework */ = {isa = PBXFileReference; lastKnownFileType = wrapper.framework; name = MobileCoreServices.framework; path = System/Library/Frameworks/MobileCoreServices.framework; sourceTree = SDKROOT; };
		22933FD415A1CAAB00CF08FF /* CoreMedia.framework */ = {isa = PBXFileReference; lastKnownFileType = wrapper.framework; name = CoreMedia.framework; path = System/Library/Frameworks/CoreMedia.framework; sourceTree = SDKROOT; };
		22933FD815A1CAAB00CF08FF /* iLepra-Info.plist */ = {isa = PBXFileReference; lastKnownFileType = text.plist.xml; path = "iLepra-Info.plist"; sourceTree = "<group>"; };
		22933FDA15A1CAAB00CF08FF /* en */ = {isa = PBXFileReference; lastKnownFileType = text.plist.strings; name = en; path = en.lproj/InfoPlist.strings; sourceTree = "<group>"; };
		22933FDC15A1CAAB00CF08FF /* main.m */ = {isa = PBXFileReference; lastKnownFileType = sourcecode.c.objc; path = main.m; sourceTree = "<group>"; };
		22933FDE15A1CAAB00CF08FF /* iLepra-Prefix.pch */ = {isa = PBXFileReference; lastKnownFileType = sourcecode.c.h; path = "iLepra-Prefix.pch"; sourceTree = "<group>"; };
		22933FDF15A1CAAB00CF08FF /* Cordova.framework */ = {isa = PBXFileReference; lastKnownFileType = wrapper.framework; name = Cordova.framework; path = /Users/Shared/Cordova/Frameworks/Cordova.framework; sourceTree = "<absolute>"; };
		22933FE415A1CAAB00CF08FF /* en */ = {isa = PBXFileReference; lastKnownFileType = text.plist.strings; name = en; path = Resources/en.lproj/Localizable.strings; sourceTree = "<group>"; };
		22933FE815A1CAAB00CF08FF /* es */ = {isa = PBXFileReference; lastKnownFileType = text.plist.strings; name = es; path = Resources/es.lproj/Localizable.strings; sourceTree = "<group>"; };
		22933FEC15A1CAAB00CF08FF /* de */ = {isa = PBXFileReference; lastKnownFileType = text.plist.strings; name = de; path = Resources/de.lproj/Localizable.strings; sourceTree = "<group>"; };
		22933FF015A1CAAB00CF08FF /* se */ = {isa = PBXFileReference; lastKnownFileType = text.plist.strings; name = se; path = Resources/se.lproj/Localizable.strings; sourceTree = "<group>"; };
		22933FFA15A1CAAB00CF08FF /* Default~iphone.png */ = {isa = PBXFileReference; lastKnownFileType = image.png; name = "Default~iphone.png"; path = "Resources/splash/Default~iphone.png"; sourceTree = "<group>"; };
		22933FFC15A1CAAB00CF08FF /* Default@2x~iphone.png */ = {isa = PBXFileReference; lastKnownFileType = image.png; name = "Default@2x~iphone.png"; path = "Resources/splash/Default@2x~iphone.png"; sourceTree = "<group>"; };
		22933FFE15A1CAAB00CF08FF /* Capture.bundle */ = {isa = PBXFileReference; lastKnownFileType = "wrapper.plug-in"; name = Capture.bundle; path = Resources/Capture.bundle; sourceTree = "<group>"; };
		2293400015A1CAAB00CF08FF /* Cordova.plist */ = {isa = PBXFileReference; lastKnownFileType = text.plist.xml; path = Cordova.plist; sourceTree = "<group>"; };
		2293400315A1CAAB00CF08FF /* AppDelegate.h */ = {isa = PBXFileReference; lastKnownFileType = sourcecode.c.h; name = AppDelegate.h; path = Classes/AppDelegate.h; sourceTree = "<group>"; };
		2293400415A1CAAB00CF08FF /* AppDelegate.m */ = {isa = PBXFileReference; lastKnownFileType = sourcecode.c.objc; name = AppDelegate.m; path = Classes/AppDelegate.m; sourceTree = "<group>"; };
		2293400615A1CAAB00CF08FF /* MainViewController.h */ = {isa = PBXFileReference; lastKnownFileType = sourcecode.c.h; name = MainViewController.h; path = Classes/MainViewController.h; sourceTree = "<group>"; };
		2293400715A1CAAB00CF08FF /* MainViewController.m */ = {isa = PBXFileReference; lastKnownFileType = sourcecode.c.objc; name = MainViewController.m; path = Classes/MainViewController.m; sourceTree = "<group>"; };
		2293400915A1CAAB00CF08FF /* MainViewController.xib */ = {isa = PBXFileReference; lastKnownFileType = file.xib; name = MainViewController.xib; path = Classes/MainViewController.xib; sourceTree = "<group>"; };
		2293400C15A1CAAB00CF08FF /* README */ = {isa = PBXFileReference; lastKnownFileType = text; name = README; path = Plugins/README; sourceTree = "<group>"; };
		2293400D15A1CAAB00CF08FF /* verify.sh */ = {isa = PBXFileReference; lastKnownFileType = text.script.sh; path = verify.sh; sourceTree = "<group>"; };
		2293401315A1CCDC00CF08FF /* www */ = {isa = PBXFileReference; lastKnownFileType = folder; path = www; sourceTree = "<group>"; };
		22EAE93215A7197D0094E1A5 /* ChildBrowserViewController.xib */ = {isa = PBXFileReference; fileEncoding = 4; lastKnownFileType = file.xib; path = ChildBrowserViewController.xib; sourceTree = "<group>"; };
		22EAE93515A719890094E1A5 /* ChildBrowserViewController.h */ = {isa = PBXFileReference; fileEncoding = 4; lastKnownFileType = sourcecode.c.h; path = ChildBrowserViewController.h; sourceTree = "<group>"; };
		22EAE93615A719890094E1A5 /* ChildBrowserViewController.m */ = {isa = PBXFileReference; fileEncoding = 4; lastKnownFileType = sourcecode.c.objc; path = ChildBrowserViewController.m; sourceTree = "<group>"; };
		22EAE93815A719900094E1A5 /* ChildBrowserCommand.h */ = {isa = PBXFileReference; fileEncoding = 4; lastKnownFileType = sourcecode.c.h; path = ChildBrowserCommand.h; sourceTree = "<group>"; };
		22EAE93915A719900094E1A5 /* ChildBrowserCommand.m */ = {isa = PBXFileReference; fileEncoding = 4; lastKnownFileType = sourcecode.c.objc; path = ChildBrowserCommand.m; sourceTree = "<group>"; };
		22EAE93B15A7199D0094E1A5 /* ChildBrowser.bundle */ = {isa = PBXFileReference; lastKnownFileType = "wrapper.plug-in"; path = ChildBrowser.bundle; sourceTree = "<group>"; };
		22F03D1815ADBD99004EEDA5 /* icon.png */ = {isa = PBXFileReference; lastKnownFileType = image.png; path = icon.png; sourceTree = "<group>"; };
		22F03D1A15ADBD9E004EEDA5 /* icon@2x.png */ = {isa = PBXFileReference; lastKnownFileType = image.png; path = "icon@2x.png"; sourceTree = "<group>"; };
		22F03D1C15ADBDA6004EEDA5 /* icon-ipad.png */ = {isa = PBXFileReference; lastKnownFileType = image.png; path = "icon-ipad.png"; sourceTree = "<group>"; };
		22F03D1E15ADBDAA004EEDA5 /* icon-ipad@2x.png */ = {isa = PBXFileReference; lastKnownFileType = image.png; path = "icon-ipad@2x.png"; sourceTree = "<group>"; };
		22F03D2015ADBDCA004EEDA5 /* icon-72.png */ = {isa = PBXFileReference; lastKnownFileType = image.png; path = "icon-72.png"; sourceTree = "<group>"; };
/* End PBXFileReference section */

/* Begin PBXFrameworksBuildPhase section */
		22933FB215A1CAAA00CF08FF /* Frameworks */ = {
			isa = PBXFrameworksBuildPhase;
			buildActionMask = 2147483647;
			files = (
				22933FBD15A1CAAA00CF08FF /* Foundation.framework in Frameworks */,
				22933FBF15A1CAAB00CF08FF /* UIKit.framework in Frameworks */,
				22933FC115A1CAAB00CF08FF /* CoreGraphics.framework in Frameworks */,
				22933FC315A1CAAB00CF08FF /* AddressBook.framework in Frameworks */,
				22933FC515A1CAAB00CF08FF /* AddressBookUI.framework in Frameworks */,
				22933FC715A1CAAB00CF08FF /* AudioToolbox.framework in Frameworks */,
				22933FC915A1CAAB00CF08FF /* AVFoundation.framework in Frameworks */,
				22933FCB15A1CAAB00CF08FF /* CoreLocation.framework in Frameworks */,
				22933FCD15A1CAAB00CF08FF /* MediaPlayer.framework in Frameworks */,
				22933FCF15A1CAAB00CF08FF /* QuartzCore.framework in Frameworks */,
				22933FD115A1CAAB00CF08FF /* SystemConfiguration.framework in Frameworks */,
				22933FD315A1CAAB00CF08FF /* MobileCoreServices.framework in Frameworks */,
				22933FD515A1CAAB00CF08FF /* CoreMedia.framework in Frameworks */,
				22933FE015A1CAAB00CF08FF /* Cordova.framework in Frameworks */,
			);
			runOnlyForDeploymentPostprocessing = 0;
		};
		22933FB515A1CAAA00CF08FF /* Frameworks */ = {
			isa = PBXFrameworksBuildPhase;
			buildActionMask = 2147483647;
			files = (
			);
			runOnlyForDeploymentPostprocessing = 0;
		};
/* End PBXFrameworksBuildPhase section */

/* Begin PBXGroup section */
		227C4A6715A4A8E700F75F94 /* art */ = {
			isa = PBXGroup;
			children = (
				227C4A6815A4A8E700F75F94 /* icon-big.png */,
			);
			name = art;
			path = Resources/art;
			sourceTree = "<group>";
		};
		22933FAA15A1CAAA00CF08FF = {
			isa = PBXGroup;
			children = (
				22F03D2015ADBDCA004EEDA5 /* icon-72.png */,
				22F03D1E15ADBDAA004EEDA5 /* icon-ipad@2x.png */,
				22F03D1C15ADBDA6004EEDA5 /* icon-ipad.png */,
				22F03D1A15ADBD9E004EEDA5 /* icon@2x.png */,
				22F03D1815ADBD99004EEDA5 /* icon.png */,
				221B76AE15AB2876002EAB22 /* Default-Portrait@2x~ipad.png */,
				221B76AC15AB268B002EAB22 /* Default-Portrait~ipad.png */,
				2293401315A1CCDC00CF08FF /* www */,
				22933FD615A1CAAB00CF08FF /* iLepra */,
				22933FBB15A1CAAA00CF08FF /* Frameworks */,
				22933FB915A1CAAA00CF08FF /* Products */,
			);
			sourceTree = "<group>";
		};
		22933FB915A1CAAA00CF08FF /* Products */ = {
			isa = PBXGroup;
			children = (
				22933FB815A1CAAA00CF08FF /* iLepra.app */,
			);
			name = Products;
			sourceTree = "<group>";
		};
		22933FBB15A1CAAA00CF08FF /* Frameworks */ = {
			isa = PBXGroup;
			children = (
				22933FBC15A1CAAA00CF08FF /* Foundation.framework */,
				22933FBE15A1CAAA00CF08FF /* UIKit.framework */,
				22933FC015A1CAAB00CF08FF /* CoreGraphics.framework */,
				22933FC215A1CAAB00CF08FF /* AddressBook.framework */,
				22933FC415A1CAAB00CF08FF /* AddressBookUI.framework */,
				22933FC615A1CAAB00CF08FF /* AudioToolbox.framework */,
				22933FC815A1CAAB00CF08FF /* AVFoundation.framework */,
				22933FCA15A1CAAB00CF08FF /* CoreLocation.framework */,
				22933FCC15A1CAAB00CF08FF /* MediaPlayer.framework */,
				22933FCE15A1CAAB00CF08FF /* QuartzCore.framework */,
				22933FD015A1CAAB00CF08FF /* SystemConfiguration.framework */,
				22933FD215A1CAAB00CF08FF /* MobileCoreServices.framework */,
				22933FD415A1CAAB00CF08FF /* CoreMedia.framework */,
			);
			name = Frameworks;
			sourceTree = "<group>";
		};
		22933FD615A1CAAB00CF08FF /* iLepra */ = {
			isa = PBXGroup;
			children = (
				22933FDF15A1CAAB00CF08FF /* Cordova.framework */,
				22933FE115A1CAAB00CF08FF /* Resources */,
				2293400215A1CAAB00CF08FF /* Classes */,
				2293400B15A1CAAB00CF08FF /* Plugins */,
				22933FD715A1CAAB00CF08FF /* Supporting Files */,
			);
			path = iLepra;
			sourceTree = "<group>";
		};
		22933FD715A1CAAB00CF08FF /* Supporting Files */ = {
			isa = PBXGroup;
			children = (
				22933FD815A1CAAB00CF08FF /* iLepra-Info.plist */,
				22933FD915A1CAAB00CF08FF /* InfoPlist.strings */,
				22933FDC15A1CAAB00CF08FF /* main.m */,
				22933FDE15A1CAAB00CF08FF /* iLepra-Prefix.pch */,
				2293400015A1CAAB00CF08FF /* Cordova.plist */,
				22EAE93215A7197D0094E1A5 /* ChildBrowserViewController.xib */,
				2293400915A1CAAB00CF08FF /* MainViewController.xib */,
				2293400D15A1CAAB00CF08FF /* verify.sh */,
			);
			name = "Supporting Files";
			sourceTree = "<group>";
		};
		22933FE115A1CAAB00CF08FF /* Resources */ = {
			isa = PBXGroup;
			children = (
				22EAE93B15A7199D0094E1A5 /* ChildBrowser.bundle */,
				227C4A6715A4A8E700F75F94 /* art */,
				22933FFE15A1CAAB00CF08FF /* Capture.bundle */,
				22933FE215A1CAAB00CF08FF /* en.lproj */,
				22933FE615A1CAAB00CF08FF /* es.lproj */,
				22933FEA15A1CAAB00CF08FF /* de.lproj */,
				22933FEE15A1CAAB00CF08FF /* se.lproj */,
				22933FF215A1CAAB00CF08FF /* icons */,
				22933FF915A1CAAB00CF08FF /* splash */,
			);
			name = Resources;
			sourceTree = "<group>";
		};
		22933FE215A1CAAB00CF08FF /* en.lproj */ = {
			isa = PBXGroup;
			children = (
				22933FE315A1CAAB00CF08FF /* Localizable.strings */,
			);
			name = en.lproj;
			sourceTree = "<group>";
		};
		22933FE615A1CAAB00CF08FF /* es.lproj */ = {
			isa = PBXGroup;
			children = (
				22933FE715A1CAAB00CF08FF /* Localizable.strings */,
			);
			name = es.lproj;
			sourceTree = "<group>";
		};
		22933FEA15A1CAAB00CF08FF /* de.lproj */ = {
			isa = PBXGroup;
			children = (
				22933FEB15A1CAAB00CF08FF /* Localizable.strings */,
			);
			name = de.lproj;
			sourceTree = "<group>";
		};
		22933FEE15A1CAAB00CF08FF /* se.lproj */ = {
			isa = PBXGroup;
			children = (
				22933FEF15A1CAAB00CF08FF /* Localizable.strings */,
			);
			name = se.lproj;
			sourceTree = "<group>";
		};
		22933FF215A1CAAB00CF08FF /* icons */ = {
			isa = PBXGroup;
			children = (
			);
			name = icons;
			sourceTree = "<group>";
		};
		22933FF915A1CAAB00CF08FF /* splash */ = {
			isa = PBXGroup;
			children = (
				22933FFA15A1CAAB00CF08FF /* Default~iphone.png */,
				22933FFC15A1CAAB00CF08FF /* Default@2x~iphone.png */,
			);
			name = splash;
			sourceTree = "<group>";
		};
		2293400215A1CAAB00CF08FF /* Classes */ = {
			isa = PBXGroup;
			children = (
				2293400315A1CAAB00CF08FF /* AppDelegate.h */,
				2293400415A1CAAB00CF08FF /* AppDelegate.m */,
				22EAE93515A719890094E1A5 /* ChildBrowserViewController.h */,
				22EAE93615A719890094E1A5 /* ChildBrowserViewController.m */,
				2293400615A1CAAB00CF08FF /* MainViewController.h */,
				2293400715A1CAAB00CF08FF /* MainViewController.m */,
			);
			name = Classes;
			sourceTree = "<group>";
		};
		2293400B15A1CAAB00CF08FF /* Plugins */ = {
			isa = PBXGroup;
			children = (
				2293400C15A1CAAB00CF08FF /* README */,
				22EAE93815A719900094E1A5 /* ChildBrowserCommand.h */,
				22EAE93915A719900094E1A5 /* ChildBrowserCommand.m */,
				227C4A6015A47D8F00F75F94 /* NativeUI.h */,
				227C4A6115A47D8F00F75F94 /* NativeUI.m */,
			);
			name = Plugins;
			sourceTree = "<group>";
		};
/* End PBXGroup section */

/* Begin PBXNativeTarget section */
		22933FB715A1CAAA00CF08FF /* iLepra */ = {
			isa = PBXNativeTarget;
			buildConfigurationList = 2293401015A1CAAB00CF08FF /* Build configuration list for PBXNativeTarget "iLepra" */;
			buildPhases = (
				22933FB115A1CAAA00CF08FF /* Sources */,
				22933FB215A1CAAA00CF08FF /* Frameworks */,
				22933FB315A1CAAA00CF08FF /* Resources */,
				22933FB415A1CAAA00CF08FF /* Sources */,
				22933FB515A1CAAA00CF08FF /* Frameworks */,
				22933FB615A1CAAA00CF08FF /* ShellScript */,
			);
			buildRules = (
			);
			dependencies = (
			);
			name = iLepra;
			productName = iLepra;
			productReference = 22933FB815A1CAAA00CF08FF /* iLepra.app */;
			productType = "com.apple.product-type.application";
		};
/* End PBXNativeTarget section */

/* Begin PBXProject section */
		22933FAC15A1CAAA00CF08FF /* Project object */ = {
			isa = PBXProject;
			attributes = {
				LastUpgradeCheck = 0430;
				ORGANIZATIONNAME = "Uni Leipzig";
			};
			buildConfigurationList = 22933FAF15A1CAAA00CF08FF /* Build configuration list for PBXProject "iLepra" */;
			compatibilityVersion = "Xcode 3.2";
			developmentRegion = English;
			hasScannedForEncodings = 0;
			knownRegions = (
				en,
				es,
				de,
				se,
			);
			mainGroup = 22933FAA15A1CAAA00CF08FF;
			productRefGroup = 22933FB915A1CAAA00CF08FF /* Products */;
			projectDirPath = "";
			projectRoot = "";
			targets = (
				22933FB715A1CAAA00CF08FF /* iLepra */,
			);
		};
/* End PBXProject section */

/* Begin PBXResourcesBuildPhase section */
		22933FB315A1CAAA00CF08FF /* Resources */ = {
			isa = PBXResourcesBuildPhase;
			buildActionMask = 2147483647;
			files = (
				22933FDB15A1CAAB00CF08FF /* InfoPlist.strings in Resources */,
				22933FE515A1CAAB00CF08FF /* Localizable.strings in Resources */,
				22933FE915A1CAAB00CF08FF /* Localizable.strings in Resources */,
				22933FED15A1CAAB00CF08FF /* Localizable.strings in Resources */,
				22933FF115A1CAAB00CF08FF /* Localizable.strings in Resources */,
				22933FFB15A1CAAB00CF08FF /* Default~iphone.png in Resources */,
				22933FFD15A1CAAB00CF08FF /* Default@2x~iphone.png in Resources */,
				22933FFF15A1CAAB00CF08FF /* Capture.bundle in Resources */,
				2293400115A1CAAB00CF08FF /* Cordova.plist in Resources */,
				2293400A15A1CAAB00CF08FF /* MainViewController.xib in Resources */,
				2293401415A1CCDC00CF08FF /* www in Resources */,
				227C4A6915A4A8E700F75F94 /* icon-big.png in Resources */,
				22EAE93315A7197D0094E1A5 /* ChildBrowserViewController.xib in Resources */,
				22EAE93C15A7199D0094E1A5 /* ChildBrowser.bundle in Resources */,
				221B76AD15AB268B002EAB22 /* Default-Portrait~ipad.png in Resources */,
				221B76AF15AB2876002EAB22 /* Default-Portrait@2x~ipad.png in Resources */,
				22F03D1915ADBD99004EEDA5 /* icon.png in Resources */,
				22F03D1B15ADBD9E004EEDA5 /* icon@2x.png in Resources */,
				22F03D1D15ADBDA6004EEDA5 /* icon-ipad.png in Resources */,
				22F03D1F15ADBDAA004EEDA5 /* icon-ipad@2x.png in Resources */,
				22F03D2115ADBDCA004EEDA5 /* icon-72.png in Resources */,
			);
			runOnlyForDeploymentPostprocessing = 0;
		};
/* End PBXResourcesBuildPhase section */

/* Begin PBXShellScriptBuildPhase section */
		22933FB615A1CAAA00CF08FF /* ShellScript */ = {
			isa = PBXShellScriptBuildPhase;
			buildActionMask = 2147483647;
			files = (
			);
			inputPaths = (
			);
			outputPaths = (
			);
			runOnlyForDeploymentPostprocessing = 0;
			shellPath = /bin/bash;
			shellScript = "\n\t\t\t\t\t\t\t\tchmod 755 \"$PROJECT_DIR/$PROJECT_NAME/verify.sh\"\n\t\t\t\t\t\t\t\t\"$PROJECT_DIR/$PROJECT_NAME/verify.sh\"\n\t\t\t\t\t";
		};
/* End PBXShellScriptBuildPhase section */

/* Begin PBXSourcesBuildPhase section */
		22933FB115A1CAAA00CF08FF /* Sources */ = {
			isa = PBXSourcesBuildPhase;
			buildActionMask = 2147483647;
			files = (
				22933FDD15A1CAAB00CF08FF /* main.m in Sources */,
				2293400515A1CAAB00CF08FF /* AppDelegate.m in Sources */,
				2293400815A1CAAB00CF08FF /* MainViewController.m in Sources */,
				227C4A6215A47D8F00F75F94 /* NativeUI.m in Sources */,
				22EAE93715A719890094E1A5 /* ChildBrowserViewController.m in Sources */,
				22EAE93A15A719900094E1A5 /* ChildBrowserCommand.m in Sources */,
			);
			runOnlyForDeploymentPostprocessing = 0;
		};
		22933FB415A1CAAA00CF08FF /* Sources */ = {
			isa = PBXSourcesBuildPhase;
			buildActionMask = 2147483647;
			files = (
			);
			runOnlyForDeploymentPostprocessing = 0;
		};
/* End PBXSourcesBuildPhase section */

/* Begin PBXVariantGroup section */
		22933FD915A1CAAB00CF08FF /* InfoPlist.strings */ = {
			isa = PBXVariantGroup;
			children = (
				22933FDA15A1CAAB00CF08FF /* en */,
			);
			name = InfoPlist.strings;
			sourceTree = "<group>";
		};
		22933FE315A1CAAB00CF08FF /* Localizable.strings */ = {
			isa = PBXVariantGroup;
			children = (
				22933FE415A1CAAB00CF08FF /* en */,
			);
			name = Localizable.strings;
			sourceTree = "<group>";
		};
		22933FE715A1CAAB00CF08FF /* Localizable.strings */ = {
			isa = PBXVariantGroup;
			children = (
				22933FE815A1CAAB00CF08FF /* es */,
			);
			name = Localizable.strings;
			sourceTree = "<group>";
		};
		22933FEB15A1CAAB00CF08FF /* Localizable.strings */ = {
			isa = PBXVariantGroup;
			children = (
				22933FEC15A1CAAB00CF08FF /* de */,
			);
			name = Localizable.strings;
			sourceTree = "<group>";
		};
		22933FEF15A1CAAB00CF08FF /* Localizable.strings */ = {
			isa = PBXVariantGroup;
			children = (
				22933FF015A1CAAB00CF08FF /* se */,
			);
			name = Localizable.strings;
			sourceTree = "<group>";
		};
/* End PBXVariantGroup section */

/* Begin XCBuildConfiguration section */
		2293400E15A1CAAB00CF08FF /* Debug */ = {
			isa = XCBuildConfiguration;
			buildSettings = {
				ALWAYS_SEARCH_USER_PATHS = NO;
				ARCHS = (
					armv6,
					"$(ARCHS_STANDARD_32_BIT)",
				);
				CLANG_ENABLE_OBJC_ARC = YES;
				"CODE_SIGN_IDENTITY[sdk=iphoneos*]" = "iPhone Developer";
				COPY_PHASE_STRIP = NO;
				GCC_C_LANGUAGE_STANDARD = gnu99;
				GCC_DYNAMIC_NO_PIC = NO;
				GCC_OPTIMIZATION_LEVEL = 0;
				GCC_PREPROCESSOR_DEFINITIONS = (
					"DEBUG=1",
					"$(inherited)",
				);
				GCC_SYMBOLS_PRIVATE_EXTERN = NO;
				GCC_THUMB_SUPPORT = NO;
				GCC_VERSION = com.apple.compilers.llvm.clang.1_0;
				GCC_WARN_ABOUT_RETURN_TYPE = YES;
				GCC_WARN_UNINITIALIZED_AUTOS = YES;
				GCC_WARN_UNUSED_VARIABLE = YES;
				IPHONEOS_DEPLOYMENT_TARGET = 3.0;
				SDKROOT = iphoneos;
			};
			name = Debug;
		};
		2293400F15A1CAAB00CF08FF /* Release */ = {
			isa = XCBuildConfiguration;
			buildSettings = {
				ALWAYS_SEARCH_USER_PATHS = NO;
				ARCHS = (
					armv6,
					"$(ARCHS_STANDARD_32_BIT)",
				);
				CLANG_ENABLE_OBJC_ARC = YES;
				"CODE_SIGN_IDENTITY[sdk=iphoneos*]" = "iPhone Developer";
				COPY_PHASE_STRIP = YES;
				GCC_C_LANGUAGE_STANDARD = gnu99;
				GCC_THUMB_SUPPORT = NO;
				GCC_VERSION = com.apple.compilers.llvm.clang.1_0;
				GCC_WARN_ABOUT_RETURN_TYPE = YES;
				GCC_WARN_UNINITIALIZED_AUTOS = YES;
				GCC_WARN_UNUSED_VARIABLE = YES;
				IPHONEOS_DEPLOYMENT_TARGET = 3.0;
				SDKROOT = iphoneos;
				VALIDATE_PRODUCT = YES;
			};
			name = Release;
		};
		2293401115A1CAAB00CF08FF /* Debug */ = {
			isa = XCBuildConfiguration;
			buildSettings = {
				ALWAYS_SEARCH_USER_PATHS = YES;
				CODE_SIGN_IDENTITY = "iPhone Developer: Timofey Ermilov (JKD8LN5KKY)";
				COMPRESS_PNG_FILES = NO;
				COPY_PHASE_STRIP = NO;
				FRAMEWORK_SEARCH_PATHS = /Users/Shared/Cordova/Frameworks;
				GCC_DYNAMIC_NO_PIC = NO;
				GCC_PRECOMPILE_PREFIX_HEADER = YES;
				GCC_PREFIX_HEADER = "iLepra/iLepra-Prefix.pch";
				GCC_PREPROCESSOR_DEFINITIONS = (
					"DEBUG=1,",
					"CORDOVA_FRAMEWORK=1",
				);
				GCC_THUMB_SUPPORT = NO;
				INFOPLIST_FILE = "iLepra/iLepra-Info.plist";
				IPHONEOS_DEPLOYMENT_TARGET = 3.2;
				OTHER_LDFLAGS = (
					"-weak_framework",
					UIKit,
					"-weak_framework",
					AVFoundation,
					"-weak_framework",
					CoreMedia,
					"-weak-lSystem",
				);
				PRODUCT_NAME = "$(TARGET_NAME)";
				PROVISIONING_PROFILE = "2759EFE2-3BFA-4DD4-8ED3-AB538D983F24";
				TARGETED_DEVICE_FAMILY = "1,2";
				WRAPPER_EXTENSION = app;
			};
			name = Debug;
		};
		2293401215A1CAAB00CF08FF /* Release */ = {
			isa = XCBuildConfiguration;
			buildSettings = {
				ALWAYS_SEARCH_USER_PATHS = YES;
				CODE_SIGN_IDENTITY = "iPhone Distribution: Timofey Ermilov";
				COMPRESS_PNG_FILES = NO;
				COPY_PHASE_STRIP = YES;
				DEBUG_INFORMATION_FORMAT = "dwarf-with-dsym";
				FRAMEWORK_SEARCH_PATHS = /Users/Shared/Cordova/Frameworks;
				GCC_PRECOMPILE_PREFIX_HEADER = YES;
				GCC_PREFIX_HEADER = "iLepra/iLepra-Prefix.pch";
				GCC_PREPROCESSOR_DEFINITIONS = (
					"NDEBUG=1,",
					"CORDOVA_FRAMEWORK=1",
				);
				GCC_THUMB_SUPPORT = NO;
				INFOPLIST_FILE = "iLepra/iLepra-Info.plist";
				IPHONEOS_DEPLOYMENT_TARGET = 3.2;
				OTHER_LDFLAGS = (
					"-weak_framework",
					UIKit,
					"-weak_framework",
					AVFoundation,
					"-weak_framework",
					CoreMedia,
					"-weak-lSystem",
				);
				PRODUCT_NAME = "$(TARGET_NAME)";
				PROVISIONING_PROFILE = "A00F11D5-8D7E-491B-BCF2-F2EDC2811CF7";
				TARGETED_DEVICE_FAMILY = "1,2";
				VALIDATE_PRODUCT = YES;
				WRAPPER_EXTENSION = app;
			};
			name = Release;
		};
/* End XCBuildConfiguration section */

/* Begin XCConfigurationList section */
		22933FAF15A1CAAA00CF08FF /* Build configuration list for PBXProject "iLepra" */ = {
			isa = XCConfigurationList;
			buildConfigurations = (
				2293400E15A1CAAB00CF08FF /* Debug */,
				2293400F15A1CAAB00CF08FF /* Release */,
			);
			defaultConfigurationIsVisible = 0;
			defaultConfigurationName = Release;
		};
		2293401015A1CAAB00CF08FF /* Build configuration list for PBXNativeTarget "iLepra" */ = {
			isa = XCConfigurationList;
			buildConfigurations = (
				2293401115A1CAAB00CF08FF /* Debug */,
				2293401215A1CAAB00CF08FF /* Release */,
			);
			defaultConfigurationIsVisible = 0;
			defaultConfigurationName = Release;
		};
/* End XCConfigurationList section */
	};
	rootObject = 22933FAC15A1CAAA00CF08FF /* Project object */;
}
